<?xml version="1.0" encoding="utf-8"?>
<Project ToolsVersion="4.0" xmlns="http://schemas.microsoft.com/developer/msbuild/2003">
  <ItemGroup>
    <Filter Include="Source Files">
      <UniqueIdentifier>{4FC737F1-C7A5-4376-A066-2A32D752A2FF}</UniqueIdentifier>
      <Extensions>cpp;c;cc;cxx;def;odl;idl;hpj;bat;asm;asmx</Extensions>
    </Filter>
    <Filter Include="Header Files">
      <UniqueIdentifier>{93995380-89BD-4b04-88EB-625FBE52EBFB}</UniqueIdentifier>
      <Extensions>h;hh;hpp;hxx;hm;inl;inc;ipp;xsd</Extensions>
    </Filter>
    <Filter Include="Resource Files">
      <UniqueIdentifier>{67DA6AB6-F800-4c08-8B7A-83BB121AAD01}</UniqueIdentifier>
      <Extensions>rc;ico;cur;bmp;dlg;rc2;rct;bin;rgs;gif;jpg;jpeg;jpe;resx;tiff;tif;png;wav;mfcribbon-ms</Extensions>
    </Filter>
    <Filter Include="Tests">
      <UniqueIdentifier>{56d6eac9-abbe-4965-b1a6-6769f605fb6f}</UniqueIdentifier>
    </Filter>
  </ItemGroup>
  <ItemGroup>
    <ClInclude Include="pch.h">
      <Filter>Header Files</Filter>
    </ClInclude>
    <ClInclude Include="TestClass.h">
      <Filter>Tests</Filter>
    </ClInclude>
    <ClInclude Include="SourceParser.h">
      <Filter>Header Files</Filter>
    </ClInclude>
    <ClInclude Include="BaseTestClass.h">
      <Filter>Tests</Filter>
    </ClInclude>
    <ClInclude Include="SourceInHeader.h">
      <Filter>Tests</Filter>
    </ClInclude>
    <ClInclude Include="Log.h">
      <Filter>Header Files</Filter>
    </ClInclude>
    <ClInclude Include="SourceGenerator.h">
      <Filter>Header Files</Filter>
    </ClInclude>
    <ClInclude Include="Reflection.h">
      <Filter>Header Files</Filter>
    </ClInclude>
    <ClInclude Include="PClass.h">
      <Filter>Header Files</Filter>
    </ClInclude>
    <ClInclude Include="PFunction.h">
      <Filter>Header Files</Filter>
    </ClInclude>
    <ClInclude Include="PType.h">
      <Filter>Header Files</Filter>
    </ClInclude>
    <ClInclude Include="ZClass.h">
      <Filter>Header Files</Filter>
    </ClInclude>
    <ClInclude Include="PClassDB.h">
      <Filter>Header Files</Filter>
    </ClInclude>
    <ClInclude Include="ZClassManager.h">
      <Filter>Header Files</Filter>
    </ClInclude>
  </ItemGroup>
  <ItemGroup>
    <ClCompile Include="pch.cpp">
      <Filter>Source Files</Filter>
    </ClCompile>
    <ClCompile Include="ZoransHammer.cpp">
      <Filter>Source Files</Filter>
    </ClCompile>
    <ClCompile Include="TestClass.cpp">
      <Filter>Tests</Filter>
    </ClCompile>
    <ClCompile Include="SourceParser.cpp">
      <Filter>Source Files</Filter>
    </ClCompile>
    <ClCompile Include="SourceGenerator.cpp">
      <Filter>Source Files</Filter>
    </ClCompile>
    <ClCompile Include="PClass.cpp">
      <Filter>Source Files</Filter>
    </ClCompile>
    <ClCompile Include="PFunction.cpp">
      <Filter>Source Files</Filter>
    </ClCompile>
    <ClCompile Include="PType.cpp">
      <Filter>Source Files</Filter>
    </ClCompile>
    <ClCompile Include="PClassDB.cpp">
      <Filter>Source Files</Filter>
    </ClCompile>
    <ClCompile Include="ZClassManager.cpp">
      <Filter>Source Files</Filter>
    </ClCompile>
    <ClCompile Include="ZClass.cpp">
      <Filter>Source Files</Filter>
    </ClCompile>
    <ClCompile Include="BaseTestClass.cpp">
      <Filter>Source Files</Filter>
    </ClCompile>
  </ItemGroup>
</Project>