
Microsoft Visual Studio Solution File, Format Version 12.00
# Visual Studio 15
VisualStudioVersion = 15.0.26430.16
MinimumVisualStudioVersion = 10.0.40219.1
Project("{8BC9CEB8-8B4A-11D0-8D11-00A0C91BC942}") = "ZoranEngineTest", "ZoranEngineTest\ZoranEngineTest.vcxproj", "{AEDB9E88-3D6D-45A4-8400-0DADE552017F}"
	ProjectSection(ProjectDependencies) = postProject
		{8FBCD129-6520-4BA5-B9D8-372599490DB9} = {8FBCD129-6520-4BA5-B9D8-372599490DB9}
	EndProjectSection
EndProject
Project("{8BC9CEB8-8B4A-11D0-8D11-00A0C91BC942}") = "ZoranEngine", "ZoranEngine\ZoranEngine.vcxproj", "{8FBCD129-6520-4BA5-B9D8-372599490DB9}"
EndProject
Project("{8BC9CEB8-8B4A-11D0-8D11-00A0C91BC942}") = "ZoransHammer", "ZoransHammer\ZoransHammer.vcxproj", "{4C0BCBAE-1CE4-4FEC-981A-CDEF142EBDDD}"
	ProjectSection(ProjectDependencies) = postProject
		{8FBCD129-6520-4BA5-B9D8-372599490DB9} = {8FBCD129-6520-4BA5-B9D8-372599490DB9}
	EndProjectSection
EndProject
Project("{8BC9CEB8-8B4A-11D0-8D11-00A0C91BC942}") = "ZoranEditor", "ZoranEditor\ZoranEditor.vcxproj", "{B83E37EB-42A9-4022-806A-C2D6CF2007F9}"
	ProjectSection(ProjectDependencies) = postProject
		{8FBCD129-6520-4BA5-B9D8-372599490DB9} = {8FBCD129-6520-4BA5-B9D8-372599490DB9}
	EndProjectSection
EndProject
Global
	GlobalSection(SolutionConfigurationPlatforms) = preSolution
		Debug|x64 = Debug|x64
		Debug|x86 = Debug|x86
		Release|x64 = Release|x64
		Release|x86 = Release|x86
	EndGlobalSection
	GlobalSection(ProjectConfigurationPlatforms) = postSolution
		{AEDB9E88-3D6D-45A4-8400-0DADE552017F}.Debug|x64.ActiveCfg = Debug|x64
		{AEDB9E88-3D6D-45A4-8400-0DADE552017F}.Debug|x64.Build.0 = Debug|x64
		{AEDB9E88-3D6D-45A4-8400-0DADE552017F}.Debug|x86.ActiveCfg = Debug|Win32
		{AEDB9E88-3D6D-45A4-8400-0DADE552017F}.Debug|x86.Build.0 = Debug|Win32
		{AEDB9E88-3D6D-45A4-8400-0DADE552017F}.Release|x64.ActiveCfg = Release|x64
		{AEDB9E88-3D6D-45A4-8400-0DADE552017F}.Release|x64.Build.0 = Release|x64
		{AEDB9E88-3D6D-45A4-8400-0DADE552017F}.Release|x86.ActiveCfg = Release|Win32
		{AEDB9E88-3D6D-45A4-8400-0DADE552017F}.Release|x86.Build.0 = Release|Win32
		{8FBCD129-6520-4BA5-B9D8-372599490DB9}.Debug|x64.ActiveCfg = Debug|x64
		{8FBCD129-6520-4BA5-B9D8-372599490DB9}.Debug|x64.Build.0 = Debug|x64
		{8FBCD129-6520-4BA5-B9D8-372599490DB9}.Debug|x86.ActiveCfg = Debug|Win32
		{8FBCD129-6520-4BA5-B9D8-372599490DB9}.Debug|x86.Build.0 = Debug|Win32
		{8FBCD129-6520-4BA5-B9D8-372599490DB9}.Release|x64.ActiveCfg = Release|x64
		{8FBCD129-6520-4BA5-B9D8-372599490DB9}.Release|x64.Build.0 = Release|x64
		{8FBCD129-6520-4BA5-B9D8-372599490DB9}.Release|x86.ActiveCfg = Release|Win32
		{8FBCD129-6520-4BA5-B9D8-372599490DB9}.Release|x86.Build.0 = Release|Win32
		{4C0BCBAE-1CE4-4FEC-981A-CDEF142EBDDD}.Debug|x64.ActiveCfg = Debug|x64
		{4C0BCBAE-1CE4-4FEC-981A-CDEF142EBDDD}.Debug|x64.Build.0 = Debug|x64
		{4C0BCBAE-1CE4-4FEC-981A-CDEF142EBDDD}.Debug|x86.ActiveCfg = Debug|Win32
		{4C0BCBAE-1CE4-4FEC-981A-CDEF142EBDDD}.Debug|x86.Build.0 = Debug|Win32
		{4C0BCBAE-1CE4-4FEC-981A-CDEF142EBDDD}.Release|x64.ActiveCfg = Release|x64
		{4C0BCBAE-1CE4-4FEC-981A-CDEF142EBDDD}.Release|x64.Build.0 = Release|x64
		{4C0BCBAE-1CE4-4FEC-981A-CDEF142EBDDD}.Release|x86.ActiveCfg = Release|Win32
		{4C0BCBAE-1CE4-4FEC-981A-CDEF142EBDDD}.Release|x86.Build.0 = Release|Win32
		{B83E37EB-42A9-4022-806A-C2D6CF2007F9}.Debug|x64.ActiveCfg = Debug|x64
		{B83E37EB-42A9-4022-806A-C2D6CF2007F9}.Debug|x64.Build.0 = Debug|x64
		{B83E37EB-42A9-4022-806A-C2D6CF2007F9}.Debug|x86.ActiveCfg = Debug|Win32
		{B83E37EB-42A9-4022-806A-C2D6CF2007F9}.Debug|x86.Build.0 = Debug|Win32
		{B83E37EB-42A9-4022-806A-C2D6CF2007F9}.Release|x64.ActiveCfg = Release|x64
		{B83E37EB-42A9-4022-806A-C2D6CF2007F9}.Release|x64.Build.0 = Release|x64
		{B83E37EB-42A9-4022-806A-C2D6CF2007F9}.Release|x86.ActiveCfg = Release|Win32
		{B83E37EB-42A9-4022-806A-C2D6CF2007F9}.Release|x86.Build.0 = Release|Win32
	EndGlobalSection
	GlobalSection(SolutionProperties) = preSolution
		HideSolutionNode = FALSE
	EndGlobalSection
	GlobalSection(ExtensibilityGlobals) = postSolution
		SolutionGuid = {DEE7A67E-930A-4009-B634-BFC5CC87231C}
	EndGlobalSection
EndGlobal
