<?xml version="1.0" encoding="utf-8"?>
<Project ToolsVersion="4.0" xmlns="http://schemas.microsoft.com/developer/msbuild/2003">
  <ItemGroup>
    <Filter Include="ZoranEngine">
      <UniqueIdentifier>{e1217549-7ae6-4bd5-b8fc-ec34fa53e3dc}</UniqueIdentifier>
    </Filter>
    <Filter Include="ZoranEngine\Core">
      <UniqueIdentifier>{1ca6a0f4-d68d-401b-8ec2-359662b97d96}</UniqueIdentifier>
    </Filter>
    <Filter Include="ZoranEngine\Core\2D">
      <UniqueIdentifier>{bb7bd82a-a7d1-4733-a16a-09d85a74bf96}</UniqueIdentifier>
    </Filter>
    <Filter Include="ZoranEngine\Core\2D\Components">
      <UniqueIdentifier>{046abf7d-241b-4d60-a994-55c254fb6afd}</UniqueIdentifier>
    </Filter>
    <Filter Include="ZoranEngine\Core\3D">
      <UniqueIdentifier>{3fb7bbdb-da86-419e-a677-f49eb69ed218}</UniqueIdentifier>
    </Filter>
    <Filter Include="ZoranEngine\Core\3D\Components">
      <UniqueIdentifier>{d3015770-28a5-4cc6-8e50-a7ad4182f569}</UniqueIdentifier>
    </Filter>
    <Filter Include="ZoranEngine\Core\Audio">
      <UniqueIdentifier>{3f5591f8-543f-439a-99c6-1f04dd7ee1fa}</UniqueIdentifier>
    </Filter>
    <Filter Include="ZoranEngine\Core\Audio\AL">
      <UniqueIdentifier>{be593a94-18ad-49ee-a7af-40b827143bbd}</UniqueIdentifier>
    </Filter>
    <Filter Include="ZoranEngine\Core\Components">
      <UniqueIdentifier>{b5e8beb3-b7f8-40d2-a2ca-8acab8f1f03a}</UniqueIdentifier>
    </Filter>
    <Filter Include="ZoranEngine\Core\Events">
      <UniqueIdentifier>{408bfc9e-d9fe-455e-a0a3-5524959640e1}</UniqueIdentifier>
    </Filter>
    <Filter Include="ZoranEngine\ThirdParty\imgui">
      <UniqueIdentifier>{24defad1-3741-4153-abc5-36e5c6cfb0df}</UniqueIdentifier>
    </Filter>
    <Filter Include="ZoranEngine\ThirdParty">
      <UniqueIdentifier>{a5d6c0de-0b8e-4703-a6d0-28206ddde302}</UniqueIdentifier>
    </Filter>
    <Filter Include="ZoranEngine\ThirdParty\loadong">
      <UniqueIdentifier>{69b660f3-65df-4786-9331-dcb85367b012}</UniqueIdentifier>
    </Filter>
    <Filter Include="ZoranEngine\Windows">
      <UniqueIdentifier>{741581d2-641c-42df-8831-68e60fd81f25}</UniqueIdentifier>
    </Filter>
    <Filter Include="ZoranEngine\Physics">
      <UniqueIdentifier>{676f6b3f-4944-442b-b2d8-7b3aaa86778d}</UniqueIdentifier>
    </Filter>
    <Filter Include="ZoranEngine\Physics\2D">
      <UniqueIdentifier>{a870d088-e99e-463a-8a34-834eb8433c25}</UniqueIdentifier>
    </Filter>
    <Filter Include="ZoranEngine\Physics\2D\Collision">
      <UniqueIdentifier>{fd810c7d-7556-4b81-a7a3-6d2fea6e4338}</UniqueIdentifier>
    </Filter>
    <Filter Include="ZoranEngine\Physics\3D">
      <UniqueIdentifier>{72992a44-9f25-4955-a982-e494f7116411}</UniqueIdentifier>
    </Filter>
    <Filter Include="ZoranEngine\Physics\3D\Collision">
      <UniqueIdentifier>{6122a585-2d05-4831-a296-20c1f0de55f5}</UniqueIdentifier>
    </Filter>
    <Filter Include="ZoranEngine\Physics\Collision">
      <UniqueIdentifier>{26d944b1-7ddd-4dbd-ad18-d1ea54a5eedd}</UniqueIdentifier>
    </Filter>
    <Filter Include="ZoranEngine\Math">
      <UniqueIdentifier>{ce590ae8-eab0-4d25-864a-92a06499d2f7}</UniqueIdentifier>
    </Filter>
    <Filter Include="ZoranEngine\OpenGL\2D">
      <UniqueIdentifier>{8c25fd3d-93cb-488f-b472-be6eef9b143d}</UniqueIdentifier>
    </Filter>
    <Filter Include="ZoranEngine\OpenGL">
      <UniqueIdentifier>{a08cff1d-f5b7-4959-9dbf-c93732525dfe}</UniqueIdentifier>
    </Filter>
    <Filter Include="ZoranEngine\Rendering">
      <UniqueIdentifier>{4434a0a7-f376-4506-bf94-25b92a94e9f7}</UniqueIdentifier>
    </Filter>
    <Filter Include="ZoranEngine\Utils">
      <UniqueIdentifier>{fe9c3e4a-3bf8-4b95-a615-c6aa0e7afad2}</UniqueIdentifier>
    </Filter>
    <Filter Include="ZoranEngine\Core\Allocators">
      <UniqueIdentifier>{f781036e-fac8-4e87-b59c-33e29e8c6ade}</UniqueIdentifier>
    </Filter>
    <Filter Include="ZoranEngine\Core\Containers">
      <UniqueIdentifier>{83b7605f-5cda-4369-83b5-87d62a941ce1}</UniqueIdentifier>
    </Filter>
    <Filter Include="ZoranEngine\ThirdParty\AL">
      <UniqueIdentifier>{6797032b-15dc-49ae-a213-96c8a056df0d}</UniqueIdentifier>
    </Filter>
    <Filter Include="ZoranEngine\Shaders\3D">
      <UniqueIdentifier>{4aaaf635-6b92-4f26-8d1f-8d21a2feee26}</UniqueIdentifier>
    </Filter>
    <Filter Include="ZoranEngine\Shaders">
      <UniqueIdentifier>{b587d033-488c-4e67-abaf-64d32bd45959}</UniqueIdentifier>
    </Filter>
    <Filter Include="ZoranEngine\Shaders\2D">
      <UniqueIdentifier>{1b555aa7-54a6-4d27-b00a-45d206ef808b}</UniqueIdentifier>
    </Filter>
  </ItemGroup>
  <ItemGroup>
    <ClCompile Include="stdafx.cpp">
      <Filter>ZoranEngine</Filter>
    </ClCompile>
    <ClCompile Include="Core\CameraBase.cpp">
      <Filter>ZoranEngine\Core</Filter>
    </ClCompile>
    <ClCompile Include="Core\CommonTypes.cpp">
      <Filter>ZoranEngine\Core</Filter>
    </ClCompile>
    <ClCompile Include="Core\SceneObject.cpp">
      <Filter>ZoranEngine\Core</Filter>
    </ClCompile>
    <ClCompile Include="Core\ThreadBase.cpp">
      <Filter>ZoranEngine\Core</Filter>
    </ClCompile>
    <ClCompile Include="Core\WindowBase.cpp">
      <Filter>ZoranEngine\Core</Filter>
    </ClCompile>
    <ClCompile Include="Core\ZoranEngine.cpp">
      <Filter>ZoranEngine\Core</Filter>
    </ClCompile>
    <ClCompile Include="Core\2D\Camera2D.cpp">
      <Filter>ZoranEngine\Core\2D</Filter>
    </ClCompile>
    <ClCompile Include="Core\2D\DebugSceneObject2D.cpp">
      <Filter>ZoranEngine\Core\2D</Filter>
    </ClCompile>
    <ClCompile Include="Core\2D\Named2DSceneObject.cpp">
      <Filter>ZoranEngine\Core\2D</Filter>
    </ClCompile>
    <ClCompile Include="Core\2D\OrthoCamera.cpp">
      <Filter>ZoranEngine\Core\2D</Filter>
    </ClCompile>
    <ClCompile Include="Core\2D\SceneObject2D.cpp">
      <Filter>ZoranEngine\Core\2D</Filter>
    </ClCompile>
    <ClCompile Include="Core\2D\TexturedSprite.cpp">
      <Filter>ZoranEngine\Core\2D</Filter>
    </ClCompile>
    <ClCompile Include="Core\2D\Components\AASquareCollisionComponent.cpp">
      <Filter>ZoranEngine\Core\2D\Components</Filter>
    </ClCompile>
    <ClCompile Include="Core\2D\Components\CircleCollisionComponent.cpp">
      <Filter>ZoranEngine\Core\2D\Components</Filter>
    </ClCompile>
    <ClCompile Include="Core\2D\Components\Collision2DComponent.cpp">
      <Filter>ZoranEngine\Core\2D\Components</Filter>
    </ClCompile>
    <ClCompile Include="Core\2D\Components\Component2DBase.cpp">
      <Filter>ZoranEngine\Core\2D\Components</Filter>
    </ClCompile>
    <ClCompile Include="Core\2D\Components\DebugRenderComponent.cpp">
      <Filter>ZoranEngine\Core\2D\Components</Filter>
    </ClCompile>
    <ClCompile Include="Core\2D\Components\OSquareCollisionComponent.cpp">
      <Filter>ZoranEngine\Core\2D\Components</Filter>
    </ClCompile>
    <ClCompile Include="Core\2D\Components\RigidBody2DComponent.cpp">
      <Filter>ZoranEngine\Core\2D\Components</Filter>
    </ClCompile>
    <ClCompile Include="Core\2D\Components\Speaker2DComponent.cpp">
      <Filter>ZoranEngine\Core\2D\Components</Filter>
    </ClCompile>
    <ClCompile Include="Core\2D\Components\TexturedSpriteComponent.cpp">
      <Filter>ZoranEngine\Core\2D\Components</Filter>
    </ClCompile>
    <ClCompile Include="Core\2D\Components\Visible2DComponent.cpp">
      <Filter>ZoranEngine\Core\2D\Components</Filter>
    </ClCompile>
    <ClCompile Include="Core\3D\Camera3D.cpp">
      <Filter>ZoranEngine\Core\3D</Filter>
    </ClCompile>
    <ClCompile Include="Core\3D\SceneObject3D.cpp">
      <Filter>ZoranEngine\Core\3D</Filter>
    </ClCompile>
    <ClCompile Include="Core\3D\Components\Collision3DComponent.cpp">
      <Filter>ZoranEngine\Core\3D\Components</Filter>
    </ClCompile>
    <ClCompile Include="Core\3D\Components\Component3DBase.cpp">
      <Filter>ZoranEngine\Core\3D\Components</Filter>
    </ClCompile>
    <ClCompile Include="Core\3D\Components\RigidBody3DComponent.cpp">
      <Filter>ZoranEngine\Core\3D\Components</Filter>
    </ClCompile>
    <ClCompile Include="Core\3D\Components\Speaker3DComponent.cpp">
      <Filter>ZoranEngine\Core\3D\Components</Filter>
    </ClCompile>
    <ClCompile Include="Core\3D\Components\Visible3DComponent.cpp">
      <Filter>ZoranEngine\Core\3D\Components</Filter>
    </ClCompile>
    <ClCompile Include="Core\Audio\AudioEngineBase.cpp">
      <Filter>ZoranEngine\Core\Audio</Filter>
    </ClCompile>
    <ClCompile Include="Core\Audio\AL\OALAudioEngine.cpp">
      <Filter>ZoranEngine\Core\Audio\AL</Filter>
    </ClCompile>
    <ClCompile Include="Core\Audio\AL\OALAudioListener.cpp">
      <Filter>ZoranEngine\Core\Audio\AL</Filter>
    </ClCompile>
    <ClCompile Include="Core\Audio\AL\OALSoundInstance.cpp">
      <Filter>ZoranEngine\Core\Audio\AL</Filter>
    </ClCompile>
    <ClCompile Include="Core\Components\CollisionComponentBase.cpp">
      <Filter>ZoranEngine\Core\Components</Filter>
    </ClCompile>
    <ClCompile Include="Core\Components\ComponentBase.cpp">
      <Filter>ZoranEngine\Core\Components</Filter>
    </ClCompile>
    <ClCompile Include="Core\Components\RigidBodyComponent.cpp">
      <Filter>ZoranEngine\Core\Components</Filter>
    </ClCompile>
    <ClCompile Include="Core\Components\SpeakerComponentBase.cpp">
      <Filter>ZoranEngine\Core\Components</Filter>
    </ClCompile>
    <ClCompile Include="Core\Components\VisibleComponentBase.cpp">
      <Filter>ZoranEngine\Core\Components</Filter>
    </ClCompile>
    <ClCompile Include="Core\Events\EventBase.cpp">
      <Filter>ZoranEngine\Core\Events</Filter>
    </ClCompile>
    <ClCompile Include="Core\Events\EventDispatcher.cpp">
      <Filter>ZoranEngine\Core\Events</Filter>
    </ClCompile>
    <ClCompile Include="ThirdParty\imgui\imgui.cpp">
      <Filter>ZoranEngine\ThirdParty\imgui</Filter>
    </ClCompile>
    <ClCompile Include="ThirdParty\imgui\imgui_demo.cpp">
      <Filter>ZoranEngine\ThirdParty\imgui</Filter>
    </ClCompile>
    <ClCompile Include="ThirdParty\imgui\imgui_draw.cpp">
      <Filter>ZoranEngine\ThirdParty\imgui</Filter>
    </ClCompile>
    <ClCompile Include="ThirdParty\imgui\imgui_impl_opengl3.cpp">
      <Filter>ZoranEngine\ThirdParty\imgui</Filter>
    </ClCompile>
    <ClCompile Include="ThirdParty\imgui\imgui_impl_win32.cpp">
      <Filter>ZoranEngine\ThirdParty\imgui</Filter>
    </ClCompile>
    <ClCompile Include="ThirdParty\loadong\lodepng.cpp">
      <Filter>ZoranEngine\ThirdParty\loadong</Filter>
    </ClCompile>
    <ClCompile Include="Windows\WindowsThread.cpp">
      <Filter>ZoranEngine\Windows</Filter>
    </ClCompile>
    <ClCompile Include="Windows\WindowsWindow.cpp">
      <Filter>ZoranEngine\Windows</Filter>
    </ClCompile>
    <ClCompile Include="Physics\PhysicsEngine.cpp">
      <Filter>ZoranEngine\Physics</Filter>
    </ClCompile>
    <ClCompile Include="Physics\PhysicsObjectBase.cpp">
      <Filter>ZoranEngine\Physics</Filter>
    </ClCompile>
    <ClCompile Include="Physics\2D\PhysicsObject2DBase.cpp">
      <Filter>ZoranEngine\Physics\2D</Filter>
    </ClCompile>
    <ClCompile Include="Physics\2D\Collision\CircleCollision2DObject.cpp">
      <Filter>ZoranEngine\Physics\2D\Collision</Filter>
    </ClCompile>
    <ClCompile Include="Physics\2D\Collision\CollisionBucket2DBase.cpp">
      <Filter>ZoranEngine\Physics\2D\Collision</Filter>
    </ClCompile>
    <ClCompile Include="Physics\2D\Collision\CollisionObject2DBase.cpp">
      <Filter>ZoranEngine\Physics\2D\Collision</Filter>
    </ClCompile>
    <ClCompile Include="Physics\2D\Collision\Collision2D.cpp">
      <Filter>ZoranEngine\Physics\2D\Collision</Filter>
    </ClCompile>
    <ClCompile Include="Physics\2D\Collision\QuadTreeCollision.cpp">
      <Filter>ZoranEngine\Physics\2D\Collision</Filter>
    </ClCompile>
    <ClCompile Include="Physics\2D\Collision\QuadTreeCollisionBucket.cpp">
      <Filter>ZoranEngine\Physics\2D\Collision</Filter>
    </ClCompile>
    <ClCompile Include="Physics\2D\Collision\AABBSquareCollisionObject.cpp">
      <Filter>ZoranEngine\Physics\2D\Collision</Filter>
    </ClCompile>
    <ClCompile Include="Physics\2D\Collision\b2DCollision2DObject.cpp">
      <Filter>ZoranEngine\Physics\2D\Collision</Filter>
    </ClCompile>
    <ClCompile Include="Physics\2D\Collision\SatCollision2DObject.cpp">
      <Filter>ZoranEngine\Physics\2D\Collision</Filter>
    </ClCompile>
    <ClCompile Include="Physics\3D\PhysicsObject3DBase.cpp">
      <Filter>ZoranEngine\Physics\3D</Filter>
    </ClCompile>
    <ClCompile Include="Physics\3D\Collision\AABBoxCollisionObject.cpp">
      <Filter>ZoranEngine\Physics\3D\Collision</Filter>
    </ClCompile>
    <ClCompile Include="Physics\3D\Collision\CollisionBucket3DBase.cpp">
      <Filter>ZoranEngine\Physics\3D\Collision</Filter>
    </ClCompile>
    <ClCompile Include="Physics\3D\Collision\CollisionObject3DBase.cpp">
      <Filter>ZoranEngine\Physics\3D\Collision</Filter>
    </ClCompile>
    <ClCompile Include="Physics\3D\Collision\SATCollision3DObject.cpp">
      <Filter>ZoranEngine\Physics\3D\Collision</Filter>
    </ClCompile>
    <ClCompile Include="Physics\3D\Collision\SphereCollisionObject.cpp">
      <Filter>ZoranEngine\Physics\3D\Collision</Filter>
    </ClCompile>
    <ClCompile Include="Physics\Collision\CollisionBucketBase.cpp">
      <Filter>ZoranEngine\Physics\Collision</Filter>
    </ClCompile>
    <ClCompile Include="Physics\Collision\CollisionObjectBase.cpp">
      <Filter>ZoranEngine\Physics\Collision</Filter>
    </ClCompile>
    <ClCompile Include="Math\MathHelper.cpp">
      <Filter>ZoranEngine\Math</Filter>
    </ClCompile>
    <ClCompile Include="Math\MathLib.cpp">
      <Filter>ZoranEngine\Math</Filter>
    </ClCompile>
    <ClCompile Include="Math\Quaternion.cpp">
      <Filter>ZoranEngine\Math</Filter>
    </ClCompile>
    <ClCompile Include="Math\Vector2.cpp">
      <Filter>ZoranEngine\Math</Filter>
    </ClCompile>
    <ClCompile Include="Math\Vector3.cpp">
      <Filter>ZoranEngine\Math</Filter>
    </ClCompile>
    <ClCompile Include="OpenGL\2D\DebugShader2D.cpp">
      <Filter>ZoranEngine\OpenGL\2D</Filter>
    </ClCompile>
    <ClCompile Include="OpenGL\2D\StandardShader.cpp">
      <Filter>ZoranEngine\OpenGL\2D</Filter>
    </ClCompile>
    <ClCompile Include="OpenGL\2D\StandardShader2D.cpp">
      <Filter>ZoranEngine\OpenGL\2D</Filter>
    </ClCompile>
    <ClCompile Include="OpenGL\OpenGLRenderEngine.cpp">
      <Filter>ZoranEngine\OpenGL</Filter>
    </ClCompile>
    <ClCompile Include="OpenGL\OpenGLRenderObject.cpp">
      <Filter>ZoranEngine\OpenGL</Filter>
    </ClCompile>
    <ClCompile Include="OpenGL\OpenGLShaderProgramBase.cpp">
      <Filter>ZoranEngine\OpenGL</Filter>
    </ClCompile>
    <ClCompile Include="OpenGL\OpenGLTexture.cpp">
      <Filter>ZoranEngine\OpenGL</Filter>
    </ClCompile>
    <ClCompile Include="Rendering\FrameBufferBase.cpp">
      <Filter>ZoranEngine\Rendering</Filter>
    </ClCompile>
    <ClCompile Include="Rendering\RenderedObjectBase.cpp">
      <Filter>ZoranEngine\Rendering</Filter>
    </ClCompile>
    <ClCompile Include="Rendering\RenderEngineBase.cpp">
      <Filter>ZoranEngine\Rendering</Filter>
    </ClCompile>
    <ClCompile Include="Rendering\ShaderProgramBase.cpp">
      <Filter>ZoranEngine\Rendering</Filter>
    </ClCompile>
    <ClCompile Include="Rendering\TextureBase.cpp">
      <Filter>ZoranEngine\Rendering</Filter>
    </ClCompile>
    <ClCompile Include="Rendering\TextureManager.cpp">
      <Filter>ZoranEngine\Rendering</Filter>
    </ClCompile>
    <ClCompile Include="Utils\ConsoleLogger.cpp">
      <Filter>ZoranEngine\Utils</Filter>
    </ClCompile>
    <ClCompile Include="Utils\LoggerBase.cpp">
      <Filter>ZoranEngine\Utils</Filter>
    </ClCompile>
    <ClCompile Include="Utils\Random.cpp">
      <Filter>ZoranEngine\Utils</Filter>
    </ClCompile>
    <ClCompile Include="Utils\Statistics.cpp">
      <Filter>ZoranEngine\Utils</Filter>
    </ClCompile>
    <ClCompile Include="OpenGL\2D\OpenGL2DRenderEngine.cpp">
      <Filter>ZoranEngine\OpenGL\2D</Filter>
    </ClCompile>
  </ItemGroup>
  <ItemGroup>
    <ClInclude Include="resource.h">
      <Filter>ZoranEngine</Filter>
    </ClInclude>
    <ClInclude Include="stdafx.h">
      <Filter>ZoranEngine</Filter>
    </ClInclude>
    <ClInclude Include="Version.h">
      <Filter>ZoranEngine</Filter>
    </ClInclude>
    <ClInclude Include="ZArray.h">
      <Filter>ZoranEngine</Filter>
    </ClInclude>
    <ClInclude Include="Core\CameraBase.h">
      <Filter>ZoranEngine\Core</Filter>
    </ClInclude>
    <ClInclude Include="Core\CommomTypes.h">
      <Filter>ZoranEngine\Core</Filter>
    </ClInclude>
    <ClInclude Include="Core\PlatformTypes.h">
      <Filter>ZoranEngine\Core</Filter>
    </ClInclude>
    <ClInclude Include="Core\SceneObject.h">
      <Filter>ZoranEngine\Core</Filter>
    </ClInclude>
    <ClInclude Include="Core\ThreadBase.h">
      <Filter>ZoranEngine\Core</Filter>
    </ClInclude>
    <ClInclude Include="Core\TickableObject.h">
      <Filter>ZoranEngine\Core</Filter>
    </ClInclude>
    <ClInclude Include="Core\WindowBase.h">
      <Filter>ZoranEngine\Core</Filter>
    </ClInclude>
    <ClInclude Include="Core\ZoranEngine.h">
      <Filter>ZoranEngine\Core</Filter>
    </ClInclude>
    <ClInclude Include="Core\2D\Camera2D.h">
      <Filter>ZoranEngine\Core\2D</Filter>
    </ClInclude>
    <ClInclude Include="Core\2D\DebugSceneObject2D.h">
      <Filter>ZoranEngine\Core\2D</Filter>
    </ClInclude>
    <ClInclude Include="Core\2D\Named2DSceneObject.h">
      <Filter>ZoranEngine\Core\2D</Filter>
    </ClInclude>
    <ClInclude Include="Core\2D\OrthoCamera.h">
      <Filter>ZoranEngine\Core\2D</Filter>
    </ClInclude>
    <ClInclude Include="Core\2D\SceneObject2D.h">
      <Filter>ZoranEngine\Core\2D</Filter>
    </ClInclude>
    <ClInclude Include="Core\2D\TexturedSprite.h">
      <Filter>ZoranEngine\Core\2D</Filter>
    </ClInclude>
    <ClInclude Include="Core\2D\Components\AASquareCollisionComponent.h">
      <Filter>ZoranEngine\Core\2D\Components</Filter>
    </ClInclude>
    <ClInclude Include="Core\2D\Components\CircleCollisionComponent.h">
      <Filter>ZoranEngine\Core\2D\Components</Filter>
    </ClInclude>
    <ClInclude Include="Core\2D\Components\Collision2DComponent.h">
      <Filter>ZoranEngine\Core\2D\Components</Filter>
    </ClInclude>
    <ClInclude Include="Core\2D\Components\Component2DBase.h">
      <Filter>ZoranEngine\Core\2D\Components</Filter>
    </ClInclude>
    <ClInclude Include="Core\2D\Components\DebugRenderComponent.h">
      <Filter>ZoranEngine\Core\2D\Components</Filter>
    </ClInclude>
    <ClInclude Include="Core\2D\Components\OSquareCollisionComponent.h">
      <Filter>ZoranEngine\Core\2D\Components</Filter>
    </ClInclude>
    <ClInclude Include="Core\2D\Components\RigidBody2DComponent.h">
      <Filter>ZoranEngine\Core\2D\Components</Filter>
    </ClInclude>
    <ClInclude Include="Core\2D\Components\Speaker2DComponent.h">
      <Filter>ZoranEngine\Core\2D\Components</Filter>
    </ClInclude>
    <ClInclude Include="Core\2D\Components\TexturedSpriteComponent.h">
      <Filter>ZoranEngine\Core\2D\Components</Filter>
    </ClInclude>
    <ClInclude Include="Core\2D\Components\Visible2DComponent.h">
      <Filter>ZoranEngine\Core\2D\Components</Filter>
    </ClInclude>
    <ClInclude Include="Core\3D\Camera3D.h">
      <Filter>ZoranEngine\Core\3D</Filter>
    </ClInclude>
    <ClInclude Include="Core\3D\SceneObject3D.h">
      <Filter>ZoranEngine\Core\3D</Filter>
    </ClInclude>
    <ClInclude Include="Core\3D\Components\Collision3DComponent.h">
      <Filter>ZoranEngine\Core\3D\Components</Filter>
    </ClInclude>
    <ClInclude Include="Core\3D\Components\Component3DBase.h">
      <Filter>ZoranEngine\Core\3D\Components</Filter>
    </ClInclude>
    <ClInclude Include="Core\3D\Components\RigidBody3DComponent.h">
      <Filter>ZoranEngine\Core\3D\Components</Filter>
    </ClInclude>
    <ClInclude Include="Core\3D\Components\Speaker3DComponent.h">
      <Filter>ZoranEngine\Core\3D\Components</Filter>
    </ClInclude>
    <ClInclude Include="Core\3D\Components\Visible3DComponent.h">
      <Filter>ZoranEngine\Core\3D\Components</Filter>
    </ClInclude>
    <ClInclude Include="Core\Audio\AudioDevice.h">
      <Filter>ZoranEngine\Core\Audio</Filter>
    </ClInclude>
    <ClInclude Include="Core\Audio\AudioEngineBase.h">
      <Filter>ZoranEngine\Core\Audio</Filter>
    </ClInclude>
    <ClInclude Include="Core\Audio\AudioListener.h">
      <Filter>ZoranEngine\Core\Audio</Filter>
    </ClInclude>
    <ClInclude Include="Core\Audio\Common.h">
      <Filter>ZoranEngine\Core\Audio</Filter>
    </ClInclude>
    <ClInclude Include="Core\Audio\SoundInstance.h">
      <Filter>ZoranEngine\Core\Audio</Filter>
    </ClInclude>
    <ClInclude Include="Core\Audio\AL\OALAudioDevice.h">
      <Filter>ZoranEngine\Core\Audio\AL</Filter>
    </ClInclude>
    <ClInclude Include="Core\Audio\AL\OALAudioEngine.h">
      <Filter>ZoranEngine\Core\Audio\AL</Filter>
    </ClInclude>
    <ClInclude Include="Core\Audio\AL\OALAudioListener.h">
      <Filter>ZoranEngine\Core\Audio\AL</Filter>
    </ClInclude>
    <ClInclude Include="Core\Audio\AL\OALImplementations.h">
      <Filter>ZoranEngine\Core\Audio\AL</Filter>
    </ClInclude>
    <ClInclude Include="Core\Audio\AL\OALSoundInstance.h">
      <Filter>ZoranEngine\Core\Audio\AL</Filter>
    </ClInclude>
    <ClInclude Include="Core\Components\CollisionComponentBase.h">
      <Filter>ZoranEngine\Core\Components</Filter>
    </ClInclude>
    <ClInclude Include="Core\Components\ComponentBase.h">
      <Filter>ZoranEngine\Core\Components</Filter>
    </ClInclude>
    <ClInclude Include="Core\Components\RigidBodyComponent.h">
      <Filter>ZoranEngine\Core\Components</Filter>
    </ClInclude>
    <ClInclude Include="Core\Components\SpeakerComponentBase.h">
      <Filter>ZoranEngine\Core\Components</Filter>
    </ClInclude>
    <ClInclude Include="Core\Components\VisibleComponentBase.h">
      <Filter>ZoranEngine\Core\Components</Filter>
    </ClInclude>
    <ClInclude Include="Core\Events\EventBase.h">
      <Filter>ZoranEngine\Core\Events</Filter>
    </ClInclude>
    <ClInclude Include="Core\Events\EventDispatcher.h">
      <Filter>ZoranEngine\Core\Events</Filter>
    </ClInclude>
    <ClInclude Include="Core\Allocators\AllocatorBase.h">
      <Filter>ZoranEngine\Core\Allocators</Filter>
    </ClInclude>
    <ClInclude Include="Core\Allocators\CAllocator.h">
      <Filter>ZoranEngine\Core\Allocators</Filter>
    </ClInclude>
    <ClInclude Include="Core\Allocators\FreeListAllocator.h">
      <Filter>ZoranEngine\Core\Allocators</Filter>
    </ClInclude>
    <ClInclude Include="Core\Allocators\PoolAllocator.h">
      <Filter>ZoranEngine\Core\Allocators</Filter>
    </ClInclude>
    <ClInclude Include="Core\Allocators\StackAllocator.h">
      <Filter>ZoranEngine\Core\Allocators</Filter>
    </ClInclude>
    <ClInclude Include="Core\Containers\BasicContainers.h">
      <Filter>ZoranEngine\Core\Containers</Filter>
    </ClInclude>
    <ClInclude Include="Core\Containers\ZArray.h">
      <Filter>ZoranEngine\Core\Containers</Filter>
    </ClInclude>
    <ClInclude Include="Core\Containers\ZDictionary.h">
      <Filter>ZoranEngine\Core\Containers</Filter>
    </ClInclude>
    <ClInclude Include="Core\Containers\ZDictionaryHash.h">
      <Filter>ZoranEngine\Core\Containers</Filter>
    </ClInclude>
    <ClInclude Include="Core\Containers\ZDoubleLinkedList.h">
      <Filter>ZoranEngine\Core\Containers</Filter>
    </ClInclude>
    <ClInclude Include="Core\Containers\ZLinkedList.h">
      <Filter>ZoranEngine\Core\Containers</Filter>
    </ClInclude>
    <ClInclude Include="ThirdParty\imgui\imconfig.h">
      <Filter>ZoranEngine\ThirdParty\imgui</Filter>
    </ClInclude>
    <ClInclude Include="ThirdParty\imgui\imgui.h">
      <Filter>ZoranEngine\ThirdParty\imgui</Filter>
    </ClInclude>
    <ClInclude Include="ThirdParty\imgui\imgui_impl_opengl3.h">
      <Filter>ZoranEngine\ThirdParty\imgui</Filter>
    </ClInclude>
    <ClInclude Include="ThirdParty\imgui\imgui_impl_win32.h">
      <Filter>ZoranEngine\ThirdParty\imgui</Filter>
    </ClInclude>
    <ClInclude Include="ThirdParty\imgui\imgui_internal.h">
      <Filter>ZoranEngine\ThirdParty\imgui</Filter>
    </ClInclude>
    <ClInclude Include="ThirdParty\imgui\stb_rect_pack.h">
      <Filter>ZoranEngine\ThirdParty\imgui</Filter>
    </ClInclude>
    <ClInclude Include="ThirdParty\imgui\stb_textedit.h">
      <Filter>ZoranEngine\ThirdParty\imgui</Filter>
    </ClInclude>
    <ClInclude Include="ThirdParty\imgui\stb_truetype.h">
      <Filter>ZoranEngine\ThirdParty\imgui</Filter>
    </ClInclude>
    <ClInclude Include="ThirdParty\loadong\lodepng.h">
      <Filter>ZoranEngine\ThirdParty\loadong</Filter>
    </ClInclude>
    <ClInclude Include="ThirdParty\AL\al.h">
      <Filter>ZoranEngine\ThirdParty\AL</Filter>
    </ClInclude>
    <ClInclude Include="ThirdParty\AL\alc.h">
      <Filter>ZoranEngine\ThirdParty\AL</Filter>
    </ClInclude>
    <ClInclude Include="ThirdParty\AL\alext.h">
      <Filter>ZoranEngine\ThirdParty\AL</Filter>
    </ClInclude>
    <ClInclude Include="ThirdParty\AL\efx-creative.h">
      <Filter>ZoranEngine\ThirdParty\AL</Filter>
    </ClInclude>
    <ClInclude Include="ThirdParty\AL\efx-presets.h">
      <Filter>ZoranEngine\ThirdParty\AL</Filter>
    </ClInclude>
    <ClInclude Include="ThirdParty\AL\efx.h">
      <Filter>ZoranEngine\ThirdParty\AL</Filter>
    </ClInclude>
    <ClInclude Include="Windows\WindowsThread.h">
      <Filter>ZoranEngine\Windows</Filter>
    </ClInclude>
    <ClInclude Include="Windows\WindowsWindow.h">
      <Filter>ZoranEngine\Windows</Filter>
    </ClInclude>
    <ClInclude Include="Physics\PhysicsEngine.h">
      <Filter>ZoranEngine\Physics</Filter>
    </ClInclude>
    <ClInclude Include="Physics\PhysicsObjectBase.h">
      <Filter>ZoranEngine\Physics</Filter>
    </ClInclude>
    <ClInclude Include="Physics\2D\PhysicsObject2DBase.h">
      <Filter>ZoranEngine\Physics\2D</Filter>
    </ClInclude>
    <ClInclude Include="Physics\2D\Collision\CircleCollision2DObject.h">
      <Filter>ZoranEngine\Physics\2D\Collision</Filter>
    </ClInclude>
    <ClInclude Include="Physics\2D\Collision\CollisionBucket2DBase.h">
      <Filter>ZoranEngine\Physics\2D\Collision</Filter>
    </ClInclude>
    <ClInclude Include="Physics\2D\Collision\CollisionFrame2D.h">
      <Filter>ZoranEngine\Physics\2D\Collision</Filter>
    </ClInclude>
    <ClInclude Include="Physics\2D\Collision\CollisionObject2DBase.h">
      <Filter>ZoranEngine\Physics\2D\Collision</Filter>
    </ClInclude>
    <ClInclude Include="Physics\2D\Collision\Collision2D.h">
      <Filter>ZoranEngine\Physics\2D\Collision</Filter>
    </ClInclude>
    <ClInclude Include="Physics\2D\Collision\QuadTreeCollision.h">
      <Filter>ZoranEngine\Physics\2D\Collision</Filter>
    </ClInclude>
    <ClInclude Include="Physics\2D\Collision\QuadTreeCollisionBucket.h">
      <Filter>ZoranEngine\Physics\2D\Collision</Filter>
    </ClInclude>
    <ClInclude Include="Physics\2D\Collision\AABBSquareCollisionObject.h">
      <Filter>ZoranEngine\Physics\2D\Collision</Filter>
    </ClInclude>
    <ClInclude Include="Physics\2D\Collision\b2DCollision2DObject.h">
      <Filter>ZoranEngine\Physics\2D\Collision</Filter>
    </ClInclude>
    <ClInclude Include="Physics\2D\Collision\SatCollision2DObject.h">
      <Filter>ZoranEngine\Physics\2D\Collision</Filter>
    </ClInclude>
    <ClInclude Include="Physics\3D\PhysicsObject3DBase.h">
      <Filter>ZoranEngine\Physics\3D</Filter>
    </ClInclude>
    <ClInclude Include="Physics\3D\Collision\AABBoxCollisionObject.h">
      <Filter>ZoranEngine\Physics\3D\Collision</Filter>
    </ClInclude>
    <ClInclude Include="Physics\3D\Collision\CollisionBucket3DBase.h">
      <Filter>ZoranEngine\Physics\3D\Collision</Filter>
    </ClInclude>
    <ClInclude Include="Physics\3D\Collision\CollisionObject3DBase.h">
      <Filter>ZoranEngine\Physics\3D\Collision</Filter>
    </ClInclude>
    <ClInclude Include="Physics\3D\Collision\SATCollision3DObject.h">
      <Filter>ZoranEngine\Physics\3D\Collision</Filter>
    </ClInclude>
    <ClInclude Include="Physics\3D\Collision\SphereCollisionObject.h">
      <Filter>ZoranEngine\Physics\3D\Collision</Filter>
    </ClInclude>
    <ClInclude Include="Physics\Collision\CollisionBucketBase.h">
      <Filter>ZoranEngine\Physics\Collision</Filter>
    </ClInclude>
    <ClInclude Include="Physics\Collision\CollisionObjectBase.h">
      <Filter>ZoranEngine\Physics\Collision</Filter>
    </ClInclude>
    <ClInclude Include="Math\MathHelpers.h">
      <Filter>ZoranEngine\Math</Filter>
    </ClInclude>
    <ClInclude Include="Math\MathLib.h">
      <Filter>ZoranEngine\Math</Filter>
    </ClInclude>
    <ClInclude Include="Math\Matrix44.hpp">
      <Filter>ZoranEngine\Math</Filter>
    </ClInclude>
    <ClInclude Include="Math\Matrix22.hpp">
      <Filter>ZoranEngine\Math</Filter>
    </ClInclude>
    <ClInclude Include="Math\Quaternion.h">
      <Filter>ZoranEngine\Math</Filter>
    </ClInclude>
    <ClInclude Include="Math\Vector2.h">
      <Filter>ZoranEngine\Math</Filter>
    </ClInclude>
    <ClInclude Include="Math\Vector3.h">
      <Filter>ZoranEngine\Math</Filter>
    </ClInclude>
    <ClInclude Include="OpenGL\2D\DebugShader2D.h">
      <Filter>ZoranEngine\OpenGL\2D</Filter>
    </ClInclude>
    <ClInclude Include="OpenGL\2D\StandardShader.h">
      <Filter>ZoranEngine\OpenGL\2D</Filter>
    </ClInclude>
    <ClInclude Include="OpenGL\2D\StandardShader2D.h">
      <Filter>ZoranEngine\OpenGL\2D</Filter>
    </ClInclude>
    <ClInclude Include="OpenGL\OpenGLRenderEngine.h">
      <Filter>ZoranEngine\OpenGL</Filter>
    </ClInclude>
    <ClInclude Include="OpenGL\OpenGLRenderObject.h">
      <Filter>ZoranEngine\OpenGL</Filter>
    </ClInclude>
    <ClInclude Include="OpenGL\OpenGLShaderProgramBase.h">
      <Filter>ZoranEngine\OpenGL</Filter>
    </ClInclude>
    <ClInclude Include="OpenGL\OpenGLTexture.h">
      <Filter>ZoranEngine\OpenGL</Filter>
    </ClInclude>
    <ClInclude Include="Rendering\FrameBufferBase.h">
      <Filter>ZoranEngine\Rendering</Filter>
    </ClInclude>
    <ClInclude Include="Rendering\RenderedObjectBase.h">
      <Filter>ZoranEngine\Rendering</Filter>
    </ClInclude>
    <ClInclude Include="Rendering\RenderEngineBase.h">
      <Filter>ZoranEngine\Rendering</Filter>
    </ClInclude>
    <ClInclude Include="Rendering\RenderTypes.h">
      <Filter>ZoranEngine\Rendering</Filter>
    </ClInclude>
    <ClInclude Include="Rendering\ShaderProgramBase.h">
      <Filter>ZoranEngine\Rendering</Filter>
    </ClInclude>
    <ClInclude Include="Rendering\TextureBase.h">
      <Filter>ZoranEngine\Rendering</Filter>
    </ClInclude>
    <ClInclude Include="Rendering\TextureManager.h">
      <Filter>ZoranEngine\Rendering</Filter>
    </ClInclude>
    <ClInclude Include="Utils\ConsoleLogger.h">
      <Filter>ZoranEngine\Utils</Filter>
    </ClInclude>
    <ClInclude Include="Utils\HighPrecisionClock.h">
      <Filter>ZoranEngine\Utils</Filter>
    </ClInclude>
    <ClInclude Include="Utils\LoggerBase.h">
      <Filter>ZoranEngine\Utils</Filter>
    </ClInclude>
    <ClInclude Include="Utils\Random.h">
      <Filter>ZoranEngine\Utils</Filter>
    </ClInclude>
    <ClInclude Include="Utils\Statistics.h">
      <Filter>ZoranEngine\Utils</Filter>
    </ClInclude>
    <ClInclude Include="Utils\VectorAddons.hpp">
      <Filter>ZoranEngine\Utils</Filter>
    </ClInclude>
    <ClInclude Include="OpenGL\2D\OpenGL2DRenderEngine.h">
      <Filter>ZoranEngine\OpenGL\2D</Filter>
    </ClInclude>
    <ClInclude Include="Utils\ListAddons.hpp">
      <Filter>ZoranEngine\Utils</Filter>
    </ClInclude>
  </ItemGroup>
  <ItemGroup>
    <ResourceCompile Include="ZoranEngine.rc">
      <Filter>ZoranEngine</Filter>
    </ResourceCompile>
  </ItemGroup>
  <ItemGroup>
    <None Include="Shaders\3D\standard.frag">
      <Filter>ZoranEngine\Shaders\3D</Filter>
    </None>
    <None Include="Shaders\3D\standard.vert">
      <Filter>ZoranEngine\Shaders\3D</Filter>
    </None>
    <None Include="Shaders\2D\standard.frag">
      <Filter>ZoranEngine\Shaders\2D</Filter>
    </None>
    <None Include="Shaders\2D\standard.vert">
      <Filter>ZoranEngine\Shaders\2D</Filter>
    </None>
    <None Include="Shaders\2D\standard_debug.frag">
      <Filter>ZoranEngine\Shaders\2D</Filter>
    </None>
    <None Include="Shaders\2D\standard_debug.vert">
      <Filter>ZoranEngine\Shaders\2D</Filter>
    </None>
    <None Include="..\README.md" />
  </ItemGroup>
</Project>