<?xml version="1.0" encoding="utf-8"?>
<Project ToolsVersion="4.0" xmlns="http://schemas.microsoft.com/developer/msbuild/2003">
  <ItemGroup>
    <Filter Include="ZoranEngine">
      <UniqueIdentifier>{f71b9026-21df-4833-a5ec-ca337e267cf7}</UniqueIdentifier>
    </Filter>
    <Filter Include="ZoranEngine\Core">
      <UniqueIdentifier>{93f414c5-cc58-48f6-b06b-13db437b3de6}</UniqueIdentifier>
    </Filter>
    <Filter Include="ZoranEngine\Core\Audio">
      <UniqueIdentifier>{abc6cbc4-cc7a-4547-abc1-6cc735d203ad}</UniqueIdentifier>
    </Filter>
    <Filter Include="ZoranEngine\Core\Audio\AL">
      <UniqueIdentifier>{cb906df5-3c26-499d-b38b-2aac4a783338}</UniqueIdentifier>
    </Filter>
    <Filter Include="ZoranEngine\Core\2D">
      <UniqueIdentifier>{23db0b2c-0a35-44ba-bd9c-aad426ab05aa}</UniqueIdentifier>
    </Filter>
    <Filter Include="ZoranEngine\Core\3D">
      <UniqueIdentifier>{c473e853-04af-4e02-9365-8378021c5f54}</UniqueIdentifier>
    </Filter>
    <Filter Include="ZoranEngine\Core\Events">
      <UniqueIdentifier>{85c99b8c-ca3f-4ea1-ac1d-e3327658357f}</UniqueIdentifier>
    </Filter>
    <Filter Include="ZoranEngine\ThirdParty\imgui">
      <UniqueIdentifier>{fb630115-c36b-46c0-9a2a-77e278e1c651}</UniqueIdentifier>
    </Filter>
    <Filter Include="ZoranEngine\ThirdParty">
      <UniqueIdentifier>{707ff4e0-1357-40b6-816d-6b8aef0c0c80}</UniqueIdentifier>
    </Filter>
    <Filter Include="ZoranEngine\ThirdParty\loadong">
      <UniqueIdentifier>{1df8638d-737f-412c-a827-9ac4584516f3}</UniqueIdentifier>
    </Filter>
    <Filter Include="ZoranEngine\Windows">
      <UniqueIdentifier>{44eea14c-6e2a-4cad-9822-15edbfaeaa12}</UniqueIdentifier>
    </Filter>
    <Filter Include="ZoranEngine\Physics">
      <UniqueIdentifier>{98a1f630-8200-4127-b58d-a99b02dbd53f}</UniqueIdentifier>
    </Filter>
    <Filter Include="ZoranEngine\Physics\2D">
      <UniqueIdentifier>{1bcbe328-32ad-4bc3-8ced-d59b535eb196}</UniqueIdentifier>
    </Filter>
    <Filter Include="ZoranEngine\Physics\2D\Collision">
      <UniqueIdentifier>{32787b18-5df4-45ea-bd5d-eca3f0a38e6f}</UniqueIdentifier>
    </Filter>
    <Filter Include="ZoranEngine\Physics\3D">
      <UniqueIdentifier>{e1a0abeb-04a5-4820-bbb0-666a8290d57f}</UniqueIdentifier>
    </Filter>
    <Filter Include="ZoranEngine\Physics\3D\Collision">
      <UniqueIdentifier>{978177c3-5e50-4eef-b1e9-e584bba51ac8}</UniqueIdentifier>
    </Filter>
    <Filter Include="ZoranEngine\Physics\Collision">
      <UniqueIdentifier>{e19566a2-5fc5-4653-95c7-95598544356b}</UniqueIdentifier>
    </Filter>
    <Filter Include="ZoranEngine\Math">
      <UniqueIdentifier>{7eab592a-021a-439d-91c6-acfaee5902bb}</UniqueIdentifier>
    </Filter>
    <Filter Include="ZoranEngine\OpenGL">
      <UniqueIdentifier>{d17e3863-32f4-4ad7-a61d-8aed6505972b}</UniqueIdentifier>
    </Filter>
    <Filter Include="ZoranEngine\Rendering">
      <UniqueIdentifier>{b6c26b66-0585-4af2-9550-6a8022471da7}</UniqueIdentifier>
    </Filter>
    <Filter Include="ZoranEngine\Utils">
      <UniqueIdentifier>{5d083fea-6f53-4b28-8528-3f6f6a7b5619}</UniqueIdentifier>
    </Filter>
    <Filter Include="ZoranEngine\Core\Containers">
      <UniqueIdentifier>{18f1cbe7-7d54-4531-b01b-8250a345117a}</UniqueIdentifier>
    </Filter>
    <Filter Include="ZoranEngine\Core\Allocators">
      <UniqueIdentifier>{d699844e-ae4d-4509-80db-8d5bf575bedc}</UniqueIdentifier>
    </Filter>
    <Filter Include="ZoranEngine\ThirdParty\AL">
      <UniqueIdentifier>{2ae49d22-98a3-4da3-b73a-6de17224e21b}</UniqueIdentifier>
    </Filter>
    <Filter Include="ZoranEngine\Shaders\3D">
      <UniqueIdentifier>{67244d9d-0e37-4730-93ec-23d37ff5f2cf}</UniqueIdentifier>
    </Filter>
    <Filter Include="ZoranEngine\Shaders">
      <UniqueIdentifier>{6d98edcf-ba4d-4d7e-96f5-d733594637e3}</UniqueIdentifier>
    </Filter>
    <Filter Include="ZoranEngine\Shaders\2D">
      <UniqueIdentifier>{17c63087-d65a-4ed8-86ec-3f75b949b2ad}</UniqueIdentifier>
    </Filter>
  </ItemGroup>
  <ItemGroup>
    <ClCompile Include="stdafx.cpp">
      <Filter>ZoranEngine</Filter>
    </ClCompile>
    <ClCompile Include="Core\CameraBase.cpp">
      <Filter>ZoranEngine\Core</Filter>
    </ClCompile>
    <ClCompile Include="Core\CommonTypes.cpp">
      <Filter>ZoranEngine\Core</Filter>
    </ClCompile>
    <ClCompile Include="Core\SceneObject.cpp">
      <Filter>ZoranEngine\Core</Filter>
    </ClCompile>
    <ClCompile Include="Core\ThreadBase.cpp">
      <Filter>ZoranEngine\Core</Filter>
    </ClCompile>
    <ClCompile Include="Core\WindowBase.cpp">
      <Filter>ZoranEngine\Core</Filter>
    </ClCompile>
    <ClCompile Include="Core\ZoranEngine.cpp">
      <Filter>ZoranEngine\Core</Filter>
    </ClCompile>
    <ClCompile Include="Core\Audio\AudioEngineBase.cpp">
      <Filter>ZoranEngine\Core\Audio</Filter>
    </ClCompile>
    <ClCompile Include="Core\Audio\AL\OALAudioEngine.cpp">
      <Filter>ZoranEngine\Core\Audio\AL</Filter>
    </ClCompile>
    <ClCompile Include="Core\2D\Camera2D.cpp">
      <Filter>ZoranEngine\Core\2D</Filter>
    </ClCompile>
    <ClCompile Include="Core\2D\DebugSceneObject2D.cpp">
      <Filter>ZoranEngine\Core\2D</Filter>
    </ClCompile>
    <ClCompile Include="Core\2D\OrthoCamera.cpp">
      <Filter>ZoranEngine\Core\2D</Filter>
    </ClCompile>
    <ClCompile Include="Core\2D\SceneObject2D.cpp">
      <Filter>ZoranEngine\Core\2D</Filter>
    </ClCompile>
    <ClCompile Include="Core\2D\TexturedSprite.cpp">
      <Filter>ZoranEngine\Core\2D</Filter>
    </ClCompile>
    <ClCompile Include="Core\3D\Camera3D.cpp">
      <Filter>ZoranEngine\Core\3D</Filter>
    </ClCompile>
    <ClCompile Include="Core\3D\SceneObject3D.cpp">
      <Filter>ZoranEngine\Core\3D</Filter>
    </ClCompile>
    <ClCompile Include="Core\Events\EventBase.cpp">
      <Filter>ZoranEngine\Core\Events</Filter>
    </ClCompile>
    <ClCompile Include="Core\Events\EventDispatcher.cpp">
      <Filter>ZoranEngine\Core\Events</Filter>
    </ClCompile>
    <ClCompile Include="ThirdParty\imgui\imgui.cpp">
      <Filter>ZoranEngine\ThirdParty\imgui</Filter>
    </ClCompile>
    <ClCompile Include="ThirdParty\imgui\imgui_demo.cpp">
      <Filter>ZoranEngine\ThirdParty\imgui</Filter>
    </ClCompile>
    <ClCompile Include="ThirdParty\imgui\imgui_draw.cpp">
      <Filter>ZoranEngine\ThirdParty\imgui</Filter>
    </ClCompile>
    <ClCompile Include="ThirdParty\imgui\imgui_impl_opengl3.cpp">
      <Filter>ZoranEngine\ThirdParty\imgui</Filter>
    </ClCompile>
    <ClCompile Include="ThirdParty\imgui\imgui_impl_win32.cpp">
      <Filter>ZoranEngine\ThirdParty\imgui</Filter>
    </ClCompile>
    <ClCompile Include="ThirdParty\loadong\lodepng.cpp">
      <Filter>ZoranEngine\ThirdParty\loadong</Filter>
    </ClCompile>
    <ClCompile Include="Windows\WindowsThread.cpp">
      <Filter>ZoranEngine\Windows</Filter>
    </ClCompile>
    <ClCompile Include="Windows\WindowsWindow.cpp">
      <Filter>ZoranEngine\Windows</Filter>
    </ClCompile>
    <ClCompile Include="Physics\PhysicsEngine.cpp">
      <Filter>ZoranEngine\Physics</Filter>
    </ClCompile>
    <ClCompile Include="Physics\PhysicsObjectBase.cpp">
      <Filter>ZoranEngine\Physics</Filter>
    </ClCompile>
    <ClCompile Include="Physics\2D\PhysicsObject2DBase.cpp">
      <Filter>ZoranEngine\Physics\2D</Filter>
    </ClCompile>
    <ClCompile Include="Physics\2D\Collision\CircleCollision2DObject.cpp">
      <Filter>ZoranEngine\Physics\2D\Collision</Filter>
    </ClCompile>
    <ClCompile Include="Physics\2D\Collision\CollisionBucket2DBase.cpp">
      <Filter>ZoranEngine\Physics\2D\Collision</Filter>
    </ClCompile>
    <ClCompile Include="Physics\2D\Collision\CollisionObject2DBase.cpp">
      <Filter>ZoranEngine\Physics\2D\Collision</Filter>
    </ClCompile>
    <ClCompile Include="Physics\2D\Collision\Collision2D.cpp">
      <Filter>ZoranEngine\Physics\2D\Collision</Filter>
    </ClCompile>
    <ClCompile Include="Physics\2D\Collision\QuadTreeCollision.cpp">
      <Filter>ZoranEngine\Physics\2D\Collision</Filter>
    </ClCompile>
    <ClCompile Include="Physics\2D\Collision\QuadTreeCollisionBucket.cpp">
      <Filter>ZoranEngine\Physics\2D\Collision</Filter>
    </ClCompile>
    <ClCompile Include="Physics\2D\Collision\AABBSquareCollisionObject.cpp">
      <Filter>ZoranEngine\Physics\2D\Collision</Filter>
    </ClCompile>
    <ClCompile Include="Physics\2D\Collision\b2DCollision2DObject.cpp">
      <Filter>ZoranEngine\Physics\2D\Collision</Filter>
    </ClCompile>
    <ClCompile Include="Physics\2D\Collision\SatCollision2DObject.cpp">
      <Filter>ZoranEngine\Physics\2D\Collision</Filter>
    </ClCompile>
    <ClCompile Include="Physics\3D\PhysicsObject3DBase.cpp">
      <Filter>ZoranEngine\Physics\3D</Filter>
    </ClCompile>
    <ClCompile Include="Physics\3D\Collision\AABBoxCollisionObject.cpp">
      <Filter>ZoranEngine\Physics\3D\Collision</Filter>
    </ClCompile>
    <ClCompile Include="Physics\3D\Collision\CollisionBucket3DBase.cpp">
      <Filter>ZoranEngine\Physics\3D\Collision</Filter>
    </ClCompile>
    <ClCompile Include="Physics\3D\Collision\CollisionObject3DBase.cpp">
      <Filter>ZoranEngine\Physics\3D\Collision</Filter>
    </ClCompile>
    <ClCompile Include="Physics\3D\Collision\SATCollision3DObject.cpp">
      <Filter>ZoranEngine\Physics\3D\Collision</Filter>
    </ClCompile>
    <ClCompile Include="Physics\3D\Collision\SphereCollisionObject.cpp">
      <Filter>ZoranEngine\Physics\3D\Collision</Filter>
    </ClCompile>
    <ClCompile Include="Physics\Collision\CollisionBucketBase.cpp">
      <Filter>ZoranEngine\Physics\Collision</Filter>
    </ClCompile>
    <ClCompile Include="Physics\Collision\CollisionObjectBase.cpp">
      <Filter>ZoranEngine\Physics\Collision</Filter>
    </ClCompile>
    <ClCompile Include="Math\MathHelper.cpp">
      <Filter>ZoranEngine\Math</Filter>
    </ClCompile>
    <ClCompile Include="Math\MathLib.cpp">
      <Filter>ZoranEngine\Math</Filter>
    </ClCompile>
    <ClCompile Include="Math\Quaternion.cpp">
      <Filter>ZoranEngine\Math</Filter>
    </ClCompile>
    <ClCompile Include="Math\Vector2.cpp">
      <Filter>ZoranEngine\Math</Filter>
    </ClCompile>
    <ClCompile Include="Math\Vector3.cpp">
      <Filter>ZoranEngine\Math</Filter>
    </ClCompile>
    <ClCompile Include="OpenGL\DebugShader2D.cpp">
      <Filter>ZoranEngine\OpenGL</Filter>
    </ClCompile>
    <ClCompile Include="OpenGL\OpenGLObject.cpp">
      <Filter>ZoranEngine\OpenGL</Filter>
    </ClCompile>
    <ClCompile Include="OpenGL\OpenGLRenderEngine.cpp">
      <Filter>ZoranEngine\OpenGL</Filter>
    </ClCompile>
    <ClCompile Include="OpenGL\OpenGLShaderProgramBase.cpp">
      <Filter>ZoranEngine\OpenGL</Filter>
    </ClCompile>
    <ClCompile Include="OpenGL\OpenGLTexture.cpp">
      <Filter>ZoranEngine\OpenGL</Filter>
    </ClCompile>
    <ClCompile Include="OpenGL\StandardShader.cpp">
      <Filter>ZoranEngine\OpenGL</Filter>
    </ClCompile>
    <ClCompile Include="OpenGL\StandardShader2D.cpp">
      <Filter>ZoranEngine\OpenGL</Filter>
    </ClCompile>
    <ClCompile Include="Rendering\FrameBufferBase.cpp">
      <Filter>ZoranEngine\Rendering</Filter>
    </ClCompile>
    <ClCompile Include="Rendering\RenderedObjectBase.cpp">
      <Filter>ZoranEngine\Rendering</Filter>
    </ClCompile>
    <ClCompile Include="Rendering\RenderEngineBase.cpp">
      <Filter>ZoranEngine\Rendering</Filter>
    </ClCompile>
    <ClCompile Include="Rendering\ShaderProgramBase.cpp">
      <Filter>ZoranEngine\Rendering</Filter>
    </ClCompile>
    <ClCompile Include="Rendering\TextureBase.cpp">
      <Filter>ZoranEngine\Rendering</Filter>
    </ClCompile>
    <ClCompile Include="Rendering\TextureManager.cpp">
      <Filter>ZoranEngine\Rendering</Filter>
    </ClCompile>
    <ClCompile Include="Utils\ConsoleLogger.cpp">
      <Filter>ZoranEngine\Utils</Filter>
    </ClCompile>
    <ClCompile Include="Utils\LoggerBase.cpp">
      <Filter>ZoranEngine\Utils</Filter>
    </ClCompile>
    <ClCompile Include="Utils\Random.cpp">
      <Filter>ZoranEngine\Utils</Filter>
    </ClCompile>
    <ClCompile Include="Utils\Statistics.cpp">
      <Filter>ZoranEngine\Utils</Filter>
    </ClCompile>
  </ItemGroup>
  <ItemGroup>
    <ClInclude Include="resource.h">
      <Filter>ZoranEngine</Filter>
    </ClInclude>
    <ClInclude Include="stdafx.h">
      <Filter>ZoranEngine</Filter>
    </ClInclude>
    <ClInclude Include="Version.h">
      <Filter>ZoranEngine</Filter>
    </ClInclude>
    <ClInclude Include="ZArray.h">
      <Filter>ZoranEngine</Filter>
    </ClInclude>
    <ClInclude Include="Core\CameraBase.h">
      <Filter>ZoranEngine\Core</Filter>
    </ClInclude>
    <ClInclude Include="Core\CommomTypes.h">
      <Filter>ZoranEngine\Core</Filter>
    </ClInclude>
    <ClInclude Include="Core\PlatformTypes.h">
      <Filter>ZoranEngine\Core</Filter>
    </ClInclude>
    <ClInclude Include="Core\SceneObject.h">
      <Filter>ZoranEngine\Core</Filter>
    </ClInclude>
    <ClInclude Include="Core\ThreadBase.h">
      <Filter>ZoranEngine\Core</Filter>
    </ClInclude>
    <ClInclude Include="Core\TickableObject.h">
      <Filter>ZoranEngine\Core</Filter>
    </ClInclude>
    <ClInclude Include="Core\WindowBase.h">
      <Filter>ZoranEngine\Core</Filter>
    </ClInclude>
    <ClInclude Include="Core\ZoranEngine.h">
      <Filter>ZoranEngine\Core</Filter>
    </ClInclude>
    <ClInclude Include="Core\Audio\AudioEngineBase.h">
      <Filter>ZoranEngine\Core\Audio</Filter>
    </ClInclude>
    <ClInclude Include="Core\Audio\CommonAudioErrors.h">
      <Filter>ZoranEngine\Core\Audio</Filter>
    </ClInclude>
    <ClInclude Include="Core\Audio\AL\OALAudioEngine.h">
      <Filter>ZoranEngine\Core\Audio\AL</Filter>
    </ClInclude>
    <ClInclude Include="Core\2D\Camera2D.h">
      <Filter>ZoranEngine\Core\2D</Filter>
    </ClInclude>
    <ClInclude Include="Core\2D\DebugSceneObject2D.h">
      <Filter>ZoranEngine\Core\2D</Filter>
    </ClInclude>
    <ClInclude Include="Core\2D\OrthoCamera.h">
      <Filter>ZoranEngine\Core\2D</Filter>
    </ClInclude>
    <ClInclude Include="Core\2D\SceneObject2D.h">
      <Filter>ZoranEngine\Core\2D</Filter>
    </ClInclude>
    <ClInclude Include="Core\2D\TexturedSprite.h">
      <Filter>ZoranEngine\Core\2D</Filter>
    </ClInclude>
    <ClInclude Include="Core\3D\Camera3D.h">
      <Filter>ZoranEngine\Core\3D</Filter>
    </ClInclude>
    <ClInclude Include="Core\3D\SceneObject3D.h">
      <Filter>ZoranEngine\Core\3D</Filter>
    </ClInclude>
    <ClInclude Include="Core\Events\EventBase.h">
      <Filter>ZoranEngine\Core\Events</Filter>
    </ClInclude>
    <ClInclude Include="Core\Events\EventDispatcher.h">
      <Filter>ZoranEngine\Core\Events</Filter>
    </ClInclude>
    <ClInclude Include="Core\Containers\ZArray.h">
      <Filter>ZoranEngine\Core\Containers</Filter>
    </ClInclude>
    <ClInclude Include="Core\Containers\ZDictionary.h">
      <Filter>ZoranEngine\Core\Containers</Filter>
    </ClInclude>
    <ClInclude Include="Core\Containers\ZDictionaryHash.h">
      <Filter>ZoranEngine\Core\Containers</Filter>
    </ClInclude>
    <ClInclude Include="Core\Containers\ZDoubleLinkedList.h">
      <Filter>ZoranEngine\Core\Containers</Filter>
    </ClInclude>
    <ClInclude Include="Core\Containers\ZLinkedList.h">
      <Filter>ZoranEngine\Core\Containers</Filter>
    </ClInclude>
    <ClInclude Include="Core\Allocators\AllocatorBase.h">
      <Filter>ZoranEngine\Core\Allocators</Filter>
    </ClInclude>
    <ClInclude Include="Core\Allocators\CAllocator.h">
      <Filter>ZoranEngine\Core\Allocators</Filter>
    </ClInclude>
    <ClInclude Include="Core\Allocators\FreeListAllocator.h">
      <Filter>ZoranEngine\Core\Allocators</Filter>
    </ClInclude>
    <ClInclude Include="Core\Allocators\PoolAllocator.h">
      <Filter>ZoranEngine\Core\Allocators</Filter>
    </ClInclude>
    <ClInclude Include="Core\Allocators\StackAllocator.h">
      <Filter>ZoranEngine\Core\Allocators</Filter>
    </ClInclude>
    <ClInclude Include="ThirdParty\AL\al.h">
      <Filter>ZoranEngine\ThirdParty\AL</Filter>
    </ClInclude>
    <ClInclude Include="ThirdParty\AL\alc.h">
      <Filter>ZoranEngine\ThirdParty\AL</Filter>
    </ClInclude>
    <ClInclude Include="ThirdParty\AL\alext.h">
      <Filter>ZoranEngine\ThirdParty\AL</Filter>
    </ClInclude>
    <ClInclude Include="ThirdParty\AL\efx-creative.h">
      <Filter>ZoranEngine\ThirdParty\AL</Filter>
    </ClInclude>
    <ClInclude Include="ThirdParty\AL\efx-presets.h">
      <Filter>ZoranEngine\ThirdParty\AL</Filter>
    </ClInclude>
    <ClInclude Include="ThirdParty\AL\efx.h">
      <Filter>ZoranEngine\ThirdParty\AL</Filter>
    </ClInclude>
    <ClInclude Include="ThirdParty\imgui\imconfig.h">
      <Filter>ZoranEngine\ThirdParty\imgui</Filter>
    </ClInclude>
    <ClInclude Include="ThirdParty\imgui\imgui.h">
      <Filter>ZoranEngine\ThirdParty\imgui</Filter>
    </ClInclude>
    <ClInclude Include="ThirdParty\imgui\imgui_impl_opengl3.h">
      <Filter>ZoranEngine\ThirdParty\imgui</Filter>
    </ClInclude>
    <ClInclude Include="ThirdParty\imgui\imgui_impl_win32.h">
      <Filter>ZoranEngine\ThirdParty\imgui</Filter>
    </ClInclude>
    <ClInclude Include="ThirdParty\imgui\imgui_internal.h">
      <Filter>ZoranEngine\ThirdParty\imgui</Filter>
    </ClInclude>
    <ClInclude Include="ThirdParty\imgui\stb_rect_pack.h">
      <Filter>ZoranEngine\ThirdParty\imgui</Filter>
    </ClInclude>
    <ClInclude Include="ThirdParty\imgui\stb_textedit.h">
      <Filter>ZoranEngine\ThirdParty\imgui</Filter>
    </ClInclude>
    <ClInclude Include="ThirdParty\imgui\stb_truetype.h">
      <Filter>ZoranEngine\ThirdParty\imgui</Filter>
    </ClInclude>
    <ClInclude Include="ThirdParty\loadong\lodepng.h">
      <Filter>ZoranEngine\ThirdParty\loadong</Filter>
    </ClInclude>
    <ClInclude Include="Windows\WindowsThread.h">
      <Filter>ZoranEngine\Windows</Filter>
    </ClInclude>
    <ClInclude Include="Windows\WindowsWindow.h">
      <Filter>ZoranEngine\Windows</Filter>
    </ClInclude>
    <ClInclude Include="Physics\PhysicsEngine.h">
      <Filter>ZoranEngine\Physics</Filter>
    </ClInclude>
    <ClInclude Include="Physics\PhysicsObjectBase.h">
      <Filter>ZoranEngine\Physics</Filter>
    </ClInclude>
    <ClInclude Include="Physics\2D\PhysicsObject2DBase.h">
      <Filter>ZoranEngine\Physics\2D</Filter>
    </ClInclude>
    <ClInclude Include="Physics\2D\Collision\CircleCollision2DObject.h">
      <Filter>ZoranEngine\Physics\2D\Collision</Filter>
    </ClInclude>
    <ClInclude Include="Physics\2D\Collision\CollisionBucket2DBase.h">
      <Filter>ZoranEngine\Physics\2D\Collision</Filter>
    </ClInclude>
    <ClInclude Include="Physics\2D\Collision\CollisionFrame2D.h">
      <Filter>ZoranEngine\Physics\2D\Collision</Filter>
    </ClInclude>
    <ClInclude Include="Physics\2D\Collision\CollisionObject2DBase.h">
      <Filter>ZoranEngine\Physics\2D\Collision</Filter>
    </ClInclude>
    <ClInclude Include="Physics\2D\Collision\Collision2D.h">
      <Filter>ZoranEngine\Physics\2D\Collision</Filter>
    </ClInclude>
    <ClInclude Include="Physics\2D\Collision\QuadTreeCollision.h">
      <Filter>ZoranEngine\Physics\2D\Collision</Filter>
    </ClInclude>
    <ClInclude Include="Physics\2D\Collision\QuadTreeCollisionBucket.h">
      <Filter>ZoranEngine\Physics\2D\Collision</Filter>
    </ClInclude>
    <ClInclude Include="Physics\2D\Collision\AABBSquareCollisionObject.h">
      <Filter>ZoranEngine\Physics\2D\Collision</Filter>
    </ClInclude>
    <ClInclude Include="Physics\2D\Collision\b2DCollision2DObject.h">
      <Filter>ZoranEngine\Physics\2D\Collision</Filter>
    </ClInclude>
    <ClInclude Include="Physics\2D\Collision\SatCollision2DObject.h">
      <Filter>ZoranEngine\Physics\2D\Collision</Filter>
    </ClInclude>
    <ClInclude Include="Physics\3D\PhysicsObject3DBase.h">
      <Filter>ZoranEngine\Physics\3D</Filter>
    </ClInclude>
    <ClInclude Include="Physics\3D\Collision\AABBoxCollisionObject.h">
      <Filter>ZoranEngine\Physics\3D\Collision</Filter>
    </ClInclude>
    <ClInclude Include="Physics\3D\Collision\CollisionBucket3DBase.h">
      <Filter>ZoranEngine\Physics\3D\Collision</Filter>
    </ClInclude>
    <ClInclude Include="Physics\3D\Collision\CollisionObject3DBase.h">
      <Filter>ZoranEngine\Physics\3D\Collision</Filter>
    </ClInclude>
    <ClInclude Include="Physics\3D\Collision\SATCollision3DObject.h">
      <Filter>ZoranEngine\Physics\3D\Collision</Filter>
    </ClInclude>
    <ClInclude Include="Physics\3D\Collision\SphereCollisionObject.h">
      <Filter>ZoranEngine\Physics\3D\Collision</Filter>
    </ClInclude>
    <ClInclude Include="Physics\Collision\CollisionBucketBase.h">
      <Filter>ZoranEngine\Physics\Collision</Filter>
    </ClInclude>
    <ClInclude Include="Physics\Collision\CollisionObjectBase.h">
      <Filter>ZoranEngine\Physics\Collision</Filter>
    </ClInclude>
    <ClInclude Include="Math\MathHelpers.h">
      <Filter>ZoranEngine\Math</Filter>
    </ClInclude>
    <ClInclude Include="Math\MathLib.h">
      <Filter>ZoranEngine\Math</Filter>
    </ClInclude>
    <ClInclude Include="Math\Matrix44.hpp">
      <Filter>ZoranEngine\Math</Filter>
    </ClInclude>
    <ClInclude Include="Math\Matrix22.h">
      <Filter>ZoranEngine\Math</Filter>
    </ClInclude>
    <ClInclude Include="Math\Quaternion.h">
      <Filter>ZoranEngine\Math</Filter>
    </ClInclude>
    <ClInclude Include="Math\Vector2.h">
      <Filter>ZoranEngine\Math</Filter>
    </ClInclude>
    <ClInclude Include="Math\Vector3.h">
      <Filter>ZoranEngine\Math</Filter>
    </ClInclude>
    <ClInclude Include="OpenGL\DebugShader2D.h">
      <Filter>ZoranEngine\OpenGL</Filter>
    </ClInclude>
    <ClInclude Include="OpenGL\OpenGLObject.h">
      <Filter>ZoranEngine\OpenGL</Filter>
    </ClInclude>
    <ClInclude Include="OpenGL\OpenGLRenderEngine.h">
      <Filter>ZoranEngine\OpenGL</Filter>
    </ClInclude>
    <ClInclude Include="OpenGL\OpenGLShaderProgramBase.h">
      <Filter>ZoranEngine\OpenGL</Filter>
    </ClInclude>
    <ClInclude Include="OpenGL\OpenGLTexture.h">
      <Filter>ZoranEngine\OpenGL</Filter>
    </ClInclude>
    <ClInclude Include="OpenGL\StandardShader.h">
      <Filter>ZoranEngine\OpenGL</Filter>
    </ClInclude>
    <ClInclude Include="OpenGL\StandardShader2D.h">
      <Filter>ZoranEngine\OpenGL</Filter>
    </ClInclude>
    <ClInclude Include="Rendering\FrameBufferBase.h">
      <Filter>ZoranEngine\Rendering</Filter>
    </ClInclude>
    <ClInclude Include="Rendering\RenderedObjectBase.h">
      <Filter>ZoranEngine\Rendering</Filter>
    </ClInclude>
    <ClInclude Include="Rendering\RenderEngineBase.h">
      <Filter>ZoranEngine\Rendering</Filter>
    </ClInclude>
    <ClInclude Include="Rendering\RenderTypes.h">
      <Filter>ZoranEngine\Rendering</Filter>
    </ClInclude>
    <ClInclude Include="Rendering\ShaderProgramBase.h">
      <Filter>ZoranEngine\Rendering</Filter>
    </ClInclude>
    <ClInclude Include="Rendering\TextureBase.h">
      <Filter>ZoranEngine\Rendering</Filter>
    </ClInclude>
    <ClInclude Include="Rendering\TextureManager.h">
      <Filter>ZoranEngine\Rendering</Filter>
    </ClInclude>
    <ClInclude Include="Utils\ConsoleLogger.h">
      <Filter>ZoranEngine\Utils</Filter>
    </ClInclude>
    <ClInclude Include="Utils\HighPrecisionClock.h">
      <Filter>ZoranEngine\Utils</Filter>
    </ClInclude>
    <ClInclude Include="Utils\LoggerBase.h">
      <Filter>ZoranEngine\Utils</Filter>
    </ClInclude>
    <ClInclude Include="Utils\Random.h">
      <Filter>ZoranEngine\Utils</Filter>
    </ClInclude>
    <ClInclude Include="Utils\Statistics.h">
      <Filter>ZoranEngine\Utils</Filter>
    </ClInclude>
    <ClInclude Include="Utils\VectorAddons.hpp">
      <Filter>ZoranEngine\Utils</Filter>
    </ClInclude>
  </ItemGroup>
  <ItemGroup>
    <ResourceCompile Include="ZoranEngine.rc">
      <Filter>ZoranEngine</Filter>
    </ResourceCompile>
  </ItemGroup>
  <ItemGroup>
    <None Include="Shaders\3D\standard.frag">
      <Filter>ZoranEngine\Shaders\3D</Filter>
    </None>
    <None Include="Shaders\3D\standard.vert">
      <Filter>ZoranEngine\Shaders\3D</Filter>
    </None>
    <None Include="Shaders\2D\standard.frag">
      <Filter>ZoranEngine\Shaders\2D</Filter>
    </None>
    <None Include="Shaders\2D\standard.vert">
      <Filter>ZoranEngine\Shaders\2D</Filter>
    </None>
    <None Include="Shaders\2D\standard_debug.frag">
      <Filter>ZoranEngine\Shaders\2D</Filter>
    </None>
    <None Include="Shaders\2D\standard_debug.vert">
      <Filter>ZoranEngine\Shaders\2D</Filter>
    </None>
    <None Include="..\README.md" />
  </ItemGroup>
</Project>